
Microsoft Visual Studio Solution File, Format Version 12.00
# Visual Studio Version 16
VisualStudioVersion = 16.0.29920.165
MinimumVisualStudioVersion = 10.0.40219.1
Project("{FAE04EC0-301F-11D3-BF4B-00C04F79EFBC}") = "apbd_cw4", "apbd_cw4\apbd_cw4.csproj", "{755F0D61-3633-476C-90A7-08A4ABB2B184}"
EndProject
Global
	GlobalSection(SolutionConfigurationPlatforms) = preSolution
		Debug|Any CPU = Debug|Any CPU
		Release|Any CPU = Release|Any CPU
	EndGlobalSection
	GlobalSection(ProjectConfigurationPlatforms) = postSolution
		{755F0D61-3633-476C-90A7-08A4ABB2B184}.Debug|Any CPU.ActiveCfg = Debug|Any CPU
		{755F0D61-3633-476C-90A7-08A4ABB2B184}.Debug|Any CPU.Build.0 = Debug|Any CPU
		{755F0D61-3633-476C-90A7-08A4ABB2B184}.Release|Any CPU.ActiveCfg = Release|Any CPU
		{755F0D61-3633-476C-90A7-08A4ABB2B184}.Release|Any CPU.Build.0 = Release|Any CPU
	EndGlobalSection
	GlobalSection(SolutionProperties) = preSolution
		HideSolutionNode = FALSE
	EndGlobalSection
	GlobalSection(ExtensibilityGlobals) = postSolution
		SolutionGuid = {E89331C8-EDAF-4BC6-8210-BBAD29C6A8B9}
	EndGlobalSection
EndGlobal
